// !$*UTF8*$!
{
	archiveVersion = 1;
	classes = {
	};
	objectVersion = 46;
	objects = {

/* Begin PBXBuildFile section */
		898E0C5D1CFBE8470031873C /* AppDelegate.swift in Sources */ = {isa = PBXBuildFile; fileRef = 898E0C5C1CFBE8470031873C /* AppDelegate.swift */; };
		898E0C5F1CFBE8470031873C /* ViewController.swift in Sources */ = {isa = PBXBuildFile; fileRef = 898E0C5E1CFBE8470031873C /* ViewController.swift */; };
		898E0C621CFBE8470031873C /* Main.storyboard in Resources */ = {isa = PBXBuildFile; fileRef = 898E0C601CFBE8470031873C /* Main.storyboard */; };
		898E0C641CFBE8470031873C /* Assets.xcassets in Resources */ = {isa = PBXBuildFile; fileRef = 898E0C631CFBE8470031873C /* Assets.xcassets */; };
		898E0C671CFBE8470031873C /* LaunchScreen.storyboard in Resources */ = {isa = PBXBuildFile; fileRef = 898E0C651CFBE8470031873C /* LaunchScreen.storyboard */; };
		898E0C701CFBE8600031873C /* CountDownLabel.swift in Sources */ = {isa = PBXBuildFile; fileRef = 898E0C6F1CFBE8600031873C /* CountDownLabel.swift */; };
		898E0C721CFBE94F0031873C /* CountDownLabel+CountDown.swift in Sources */ = {isa = PBXBuildFile; fileRef = 898E0C711CFBE94F0031873C /* CountDownLabel+CountDown.swift */; };
		898E0C741CFBEC1B0031873C /* CountDownLabel+Timer.swift in Sources */ = {isa = PBXBuildFile; fileRef = 898E0C731CFBEC1B0031873C /* CountDownLabel+Timer.swift */; };
/* End PBXBuildFile section */

/* Begin PBXFileReference section */
		898E0C591CFBE8470031873C /* CountDownLabel.app */ = {isa = PBXFileReference; explicitFileType = wrapper.application; includeInIndex = 0; path = CountDownLabel.app; sourceTree = BUILT_PRODUCTS_DIR; };
		898E0C5C1CFBE8470031873C /* AppDelegate.swift */ = {isa = PBXFileReference; lastKnownFileType = sourcecode.swift; path = AppDelegate.swift; sourceTree = "<group>"; };
		898E0C5E1CFBE8470031873C /* ViewController.swift */ = {isa = PBXFileReference; lastKnownFileType = sourcecode.swift; path = ViewController.swift; sourceTree = "<group>"; };
		898E0C611CFBE8470031873C /* Base */ = {isa = PBXFileReference; lastKnownFileType = file.storyboard; name = Base; path = Base.lproj/Main.storyboard; sourceTree = "<group>"; };
		898E0C631CFBE8470031873C /* Assets.xcassets */ = {isa = PBXFileReference; lastKnownFileType = folder.assetcatalog; path = Assets.xcassets; sourceTree = "<group>"; };
		898E0C661CFBE8470031873C /* Base */ = {isa = PBXFileReference; lastKnownFileType = file.storyboard; name = Base; path = Base.lproj/LaunchScreen.storyboard; sourceTree = "<group>"; };
		898E0C681CFBE8470031873C /* Info.plist */ = {isa = PBXFileReference; lastKnownFileType = text.plist.xml; path = Info.plist; sourceTree = "<group>"; };
		898E0C6F1CFBE8600031873C /* CountDownLabel.swift */ = {isa = PBXFileReference; fileEncoding = 4; lastKnownFileType = sourcecode.swift; path = CountDownLabel.swift; sourceTree = "<group>"; };
		898E0C711CFBE94F0031873C /* CountDownLabel+CountDown.swift */ = {isa = PBXFileReference; fileEncoding = 4; lastKnownFileType = sourcecode.swift; path = "CountDownLabel+CountDown.swift"; sourceTree = "<group>"; };
		898E0C731CFBEC1B0031873C /* CountDownLabel+Timer.swift */ = {isa = PBXFileReference; fileEncoding = 4; lastKnownFileType = sourcecode.swift; path = "CountDownLabel+Timer.swift"; sourceTree = "<group>"; };
/* End PBXFileReference section */

/* Begin PBXFrameworksBuildPhase section */
		898E0C561CFBE8470031873C /* Frameworks */ = {
			isa = PBXFrameworksBuildPhase;
			buildActionMask = 2147483647;
			files = (
			);
			runOnlyForDeploymentPostprocessing = 0;
		};
/* End PBXFrameworksBuildPhase section */

/* Begin PBXGroup section */
		898E0C501CFBE8470031873C = {
			isa = PBXGroup;
			children = (
				898E0C5B1CFBE8470031873C /* CountDownLabel */,
				898E0C5A1CFBE8470031873C /* Products */,
			);
			sourceTree = "<group>";
		};
		898E0C5A1CFBE8470031873C /* Products */ = {
			isa = PBXGroup;
			children = (
				898E0C591CFBE8470031873C /* CountDownLabel.app */,
			);
			name = Products;
			sourceTree = "<group>";
		};
		898E0C5B1CFBE8470031873C /* CountDownLabel */ = {
			isa = PBXGroup;
			children = (
				898E0C6E1CFBE8550031873C /* CountDownLabel */,
				898E0C5C1CFBE8470031873C /* AppDelegate.swift */,
				898E0C5E1CFBE8470031873C /* ViewController.swift */,
				898E0C601CFBE8470031873C /* Main.storyboard */,
				898E0C631CFBE8470031873C /* Assets.xcassets */,
				898E0C651CFBE8470031873C /* LaunchScreen.storyboard */,
				898E0C681CFBE8470031873C /* Info.plist */,
			);
			path = CountDownLabel;
			sourceTree = "<group>";
		};
		898E0C6E1CFBE8550031873C /* CountDownLabel */ = {
			isa = PBXGroup;
			children = (
				898E0C6F1CFBE8600031873C /* CountDownLabel.swift */,
				898E0C711CFBE94F0031873C /* CountDownLabel+CountDown.swift */,
				898E0C731CFBEC1B0031873C /* CountDownLabel+Timer.swift */,
			);
			path = CountDownLabel;
			sourceTree = "<group>";
		};
/* End PBXGroup section */

/* Begin PBXNativeTarget section */
		898E0C581CFBE8470031873C /* CountDownLabel */ = {
			isa = PBXNativeTarget;
			buildConfigurationList = 898E0C6B1CFBE8470031873C /* Build configuration list for PBXNativeTarget "CountDownLabel" */;
			buildPhases = (
				898E0C551CFBE8470031873C /* Sources */,
				898E0C561CFBE8470031873C /* Frameworks */,
				898E0C571CFBE8470031873C /* Resources */,
			);
			buildRules = (
			);
			dependencies = (
			);
			name = CountDownLabel;
			productName = CountDownLabel;
			productReference = 898E0C591CFBE8470031873C /* CountDownLabel.app */;
			productType = "com.apple.product-type.application";
		};
/* End PBXNativeTarget section */

/* Begin PBXProject section */
		898E0C511CFBE8470031873C /* Project object */ = {
			isa = PBXProject;
			attributes = {
				LastSwiftUpdateCheck = 0730;
				LastUpgradeCheck = 0730;
				ORGANIZATIONNAME = Charlin;
				TargetAttributes = {
					898E0C581CFBE8470031873C = {
						CreatedOnToolsVersion = 7.3.1;
					};
				};
			};
			buildConfigurationList = 898E0C541CFBE8470031873C /* Build configuration list for PBXProject "CountDownLabel" */;
			compatibilityVersion = "Xcode 3.2";
			developmentRegion = English;
			hasScannedForEncodings = 0;
			knownRegions = (
				en,
				Base,
			);
			mainGroup = 898E0C501CFBE8470031873C;
			productRefGroup = 898E0C5A1CFBE8470031873C /* Products */;
			projectDirPath = "";
			projectRoot = "";
			targets = (
				898E0C581CFBE8470031873C /* CountDownLabel */,
			);
		};
/* End PBXProject section */

/* Begin PBXResourcesBuildPhase section */
		898E0C571CFBE8470031873C /* Resources */ = {
			isa = PBXResourcesBuildPhase;
			buildActionMask = 2147483647;
			files = (
				898E0C671CFBE8470031873C /* LaunchScreen.storyboard in Resources */,
				898E0C641CFBE8470031873C /* Assets.xcassets in Resources */,
				898E0C621CFBE8470031873C /* Main.storyboard in Resources */,
			);
			runOnlyForDeploymentPostprocessing = 0;
		};
/* End PBXResourcesBuildPhase section */

/* Begin PBXSourcesBuildPhase section */
		898E0C551CFBE8470031873C /* Sources */ = {
			isa = PBXSourcesBuildPhase;
			buildActionMask = 2147483647;
			files = (
				898E0C5F1CFBE8470031873C /* ViewController.swift in Sources */,
				898E0C741CFBEC1B0031873C /* CountDownLabel+Timer.swift in Sources */,
				898E0C701CFBE8600031873C /* CountDownLabel.swift in Sources */,
				898E0C721CFBE94F0031873C /* CountDownLabel+CountDown.swift in Sources */,
				898E0C5D1CFBE8470031873C /* AppDelegate.swift in Sources */,
			);
			runOnlyForDeploymentPostprocessing = 0;
		};
/* End PBXSourcesBuildPhase section */

/* Begin PBXVariantGroup section */
		898E0C601CFBE8470031873C /* Main.storyboard */ = {
			isa = PBXVariantGroup;
			children = (
				898E0C611CFBE8470031873C /* Base */,
			);
			name = Main.storyboard;
			sourceTree = "<group>";
		};
		898E0C651CFBE8470031873C /* LaunchScreen.storyboard */ = {
			isa = PBXVariantGroup;
			children = (
				898E0C661CFBE8470031873C /* Base */,
			);
			name = LaunchScreen.storyboard;
			sourceTree = "<group>";
		};
/* End PBXVariantGroup section */

/* Begin XCBuildConfiguration section */
		898E0C691CFBE8470031873C /* Debug */ = {
			isa = XCBuildConfiguration;
			buildSettings = {
				ALWAYS_SEARCH_USER_PATHS = NO;
				CLANG_ANALYZER_NONNULL = YES;
				CLANG_CXX_LANGUAGE_STANDARD = "gnu++0x";
				CLANG_CXX_LIBRARY = "libc++";
				CLANG_ENABLE_MODULES = YES;
				CLANG_ENABLE_OBJC_ARC = YES;
				CLANG_WARN_BOOL_CONVERSION = YES;
				CLANG_WARN_CONSTANT_CONVERSION = YES;
				CLANG_WARN_DIRECT_OBJC_ISA_USAGE = YES_ERROR;
				CLANG_WARN_EMPTY_BODY = YES;
				CLANG_WARN_ENUM_CONVERSION = YES;
				CLANG_WARN_INT_CONVERSION = YES;
				CLANG_WARN_OBJC_ROOT_CLASS = YES_ERROR;
				CLANG_WARN_UNREACHABLE_CODE = YES;
				CLANG_WARN__DUPLICATE_METHOD_MATCH = YES;
				"CODE_SIGN_IDENTITY[sdk=iphoneos*]" = "iPhone Developer";
				COPY_PHASE_STRIP = NO;
				DEBUG_INFORMATION_FORMAT = dwarf;
				ENABLE_STRICT_OBJC_MSGSEND = YES;
				ENABLE_TESTABILITY = YES;
				GCC_C_LANGUAGE_STANDARD = gnu99;
				GCC_DYNAMIC_NO_PIC = NO;
				GCC_NO_COMMON_BLOCKS = YES;
				GCC_OPTIMIZATION_LEVEL = 0;
				GCC_PREPROCESSOR_DEFINITIONS = (
					"DEBUG=1",
					"$(inherited)",
				);
				GCC_WARN_64_TO_32_BIT_CONVERSION = YES;
				GCC_WARN_ABOUT_RETURN_TYPE = YES_ERROR;
				GCC_WARN_UNDECLARED_SELECTOR = YES;
				GCC_WARN_UNINITIALIZED_AUTOS = YES_AGGRESSIVE;
				GCC_WARN_UNUSED_FUNCTION = YES;
				GCC_WARN_UNUSED_VARIABLE = YES;
				IPHONEOS_DEPLOYMENT_TARGET = 9.3;
				MTL_ENABLE_DEBUG_INFO = YES;
				ONLY_ACTIVE_ARCH = YES;
				SDKROOT = iphoneos;
				SWIFT_OPTIMIZATION_LEVEL = "-Onone";
			};
			name = Debug;
		};
		898E0C6A1CFBE8470031873C /* Release */ = {
			isa = XCBuildConfiguration;
			buildSettings = {
				ALWAYS_SEARCH_USER_PATHS = NO;
				CLANG_ANALYZER_NONNULL = YES;
				CLANG_CXX_LANGUAGE_STANDARD = "gnu++0x";
				CLANG_CXX_LIBRARY = "libc++";
				CLANG_ENABLE_MODULES = YES;
				CLANG_ENABLE_OBJC_ARC = YES;
				CLANG_WARN_BOOL_CONVERSION = YES;
				CLANG_WARN_CONSTANT_CONVERSION = YES;
				CLANG_WARN_DIRECT_OBJC_ISA_USAGE = YES_ERROR;
				CLANG_WARN_EMPTY_BODY = YES;
				CLANG_WARN_ENUM_CONVERSION = YES;
				CLANG_WARN_INT_CONVERSION = YES;
				CLANG_WARN_OBJC_ROOT_CLASS = YES_ERROR;
				CLANG_WARN_UNREACHABLE_CODE = YES;
				CLANG_WARN__DUPLICATE_METHOD_MATCH = YES;
				"CODE_SIGN_IDENTITY[sdk=iphoneos*]" = "iPhone Developer";
				COPY_PHASE_STRIP = NO;
				DEBUG_INFORMATION_FORMAT = "dwarf-with-dsym";
				ENABLE_NS_ASSERTIONS = NO;
				ENABLE_STRICT_OBJC_MSGSEND = YES;
				GCC_C_LANGUAGE_STANDARD = gnu99;
				GCC_NO_COMMON_BLOCKS = YES;
				GCC_WARN_64_TO_32_BIT_CONVERSION = YES;
				GCC_WARN_ABOUT_RETURN_TYPE = YES_ERROR;
				GCC_WARN_UNDECLARED_SELECTOR = YES;
				GCC_WARN_UNINITIALIZED_AUTOS = YES_AGGRESSIVE;
				GCC_WARN_UNUSED_FUNCTION = YES;
				GCC_WARN_UNUSED_VARIABLE = YES;
				IPHONEOS_DEPLOYMENT_TARGET = 9.3;
				MTL_ENABLE_DEBUG_INFO = NO;
				SDKROOT = iphoneos;
				VALIDATE_PRODUCT = YES;
			};
			name = Release;
		};
		898E0C6C1CFBE8470031873C /* Debug */ = {
			isa = XCBuildConfiguration;
			buildSettings = {
				ASSETCATALOG_COMPILER_APPICON_NAME = AppIcon;
				INFOPLIST_FILE = CountDownLabel/Info.plist;
				IPHONEOS_DEPLOYMENT_TARGET = 7.0;
				LD_RUNPATH_SEARCH_PATHS = "$(inherited) @executable_path/Frameworks";
				PRODUCT_BUNDLE_IDENTIFIER = com.ShiDian.CountDownLabel;
				PRODUCT_NAME = "$(TARGET_NAME)";
			};
			name = Debug;
		};
		898E0C6D1CFBE8470031873C /* Release */ = {
			isa = XCBuildConfiguration;
			buildSettings = {
				ASSETCATALOG_COMPILER_APPICON_NAME = AppIcon;
				INFOPLIST_FILE = CountDownLabel/Info.plist;
				IPHONEOS_DEPLOYMENT_TARGET = 7.0;
				LD_RUNPATH_SEARCH_PATHS = "$(inherited) @executable_path/Frameworks";
				PRODUCT_BUNDLE_IDENTIFIER = com.ShiDian.CountDownLabel;
				PRODUCT_NAME = "$(TARGET_NAME)";
			};
			name = Release;
		};
/* End XCBuildConfiguration section */

/* Begin XCConfigurationList section */
		898E0C541CFBE8470031873C /* Build configuration list for PBXProject "CountDownLabel" */ = {
			isa = XCConfigurationList;
			buildConfigurations = (
				898E0C691CFBE8470031873C /* Debug */,
				898E0C6A1CFBE8470031873C /* Release */,
			);
			defaultConfigurationIsVisible = 0;
			defaultConfigurationName = Release;
		};
		898E0C6B1CFBE8470031873C /* Build configuration list for PBXNativeTarget "CountDownLabel" */ = {
			isa = XCConfigurationList;
			buildConfigurations = (
				898E0C6C1CFBE8470031873C /* Debug */,
				898E0C6D1CFBE8470031873C /* Release */,
			);
			defaultConfigurationIsVisible = 0;
		};
/* End XCConfigurationList section */
	};
	rootObject = 898E0C511CFBE8470031873C /* Project object */;
}
